
Microsoft Visual Studio Solution File, Format Version 12.00
# Visual Studio Version 17
VisualStudioVersion = 17.9.34728.123
MinimumVisualStudioVersion = 10.0.40219.1
Project("{FAE04EC0-301F-11D3-BF4B-00C04F79EFBC}") = "Week6StringsAndArrays", "Week6StringsAndArrays\Week6StringsAndArrays.csproj", "{77CF20EB-02E1-48D5-9046-B63A1C04EAA0}"
EndProject
Project("{FAE04EC0-301F-11D3-BF4B-00C04F79EFBC}") = "Arrays", "Arrays\Arrays.csproj", "{5CD7BC07-3F0D-4AF0-AB0A-0C0C002B3722}"
EndProject
Project("{FAE04EC0-301F-11D3-BF4B-00C04F79EFBC}") = "NumberArrays", "NumberArrays\NumberArrays.csproj", "{2A5CC959-FDBA-4BC5-B97A-4066BE28F86C}"
EndProject
Global
	GlobalSection(SolutionConfigurationPlatforms) = preSolution
		Debug|Any CPU = Debug|Any CPU
		Release|Any CPU = Release|Any CPU
	EndGlobalSection
	GlobalSection(ProjectConfigurationPlatforms) = postSolution
		{77CF20EB-02E1-48D5-9046-B63A1C04EAA0}.Debug|Any CPU.ActiveCfg = Debug|Any CPU
		{77CF20EB-02E1-48D5-9046-B63A1C04EAA0}.Debug|Any CPU.Build.0 = Debug|Any CPU
		{77CF20EB-02E1-48D5-9046-B63A1C04EAA0}.Release|Any CPU.ActiveCfg = Release|Any CPU
		{77CF20EB-02E1-48D5-9046-B63A1C04EAA0}.Release|Any CPU.Build.0 = Release|Any CPU
		{5CD7BC07-3F0D-4AF0-AB0A-0C0C002B3722}.Debug|Any CPU.ActiveCfg = Debug|Any CPU
		{5CD7BC07-3F0D-4AF0-AB0A-0C0C002B3722}.Debug|Any CPU.Build.0 = Debug|Any CPU
		{5CD7BC07-3F0D-4AF0-AB0A-0C0C002B3722}.Release|Any CPU.ActiveCfg = Release|Any CPU
		{5CD7BC07-3F0D-4AF0-AB0A-0C0C002B3722}.Release|Any CPU.Build.0 = Release|Any CPU
		{2A5CC959-FDBA-4BC5-B97A-4066BE28F86C}.Debug|Any CPU.ActiveCfg = Debug|Any CPU
		{2A5CC959-FDBA-4BC5-B97A-4066BE28F86C}.Debug|Any CPU.Build.0 = Debug|Any CPU
		{2A5CC959-FDBA-4BC5-B97A-4066BE28F86C}.Release|Any CPU.ActiveCfg = Release|Any CPU
		{2A5CC959-FDBA-4BC5-B97A-4066BE28F86C}.Release|Any CPU.Build.0 = Release|Any CPU
	EndGlobalSection
	GlobalSection(SolutionProperties) = preSolution
		HideSolutionNode = FALSE
	EndGlobalSection
	GlobalSection(ExtensibilityGlobals) = postSolution
		SolutionGuid = {3AE22984-D029-46A5-B74C-5DF358AF211D}
	EndGlobalSection
EndGlobal
